
Microsoft Visual Studio Solution File, Format Version 12.00
# Visual Studio 15
VisualStudioVersion = 15.0.27703.2047
MinimumVisualStudioVersion = 10.0.40219.1
Project("{FAE04EC0-301F-11D3-BF4B-00C04F79EFBC}") = "DotNetExtensions", "DotNetExtensions\DotNetExtensions.csproj", "{53EB48D4-3A50-4E0E-A47D-FB49B0603690}"
EndProject
Project("{FAE04EC0-301F-11D3-BF4B-00C04F79EFBC}") = "DotNetExtensions.Test", "..\DotNetExtensions.Test\DotNetExtensions.Test.csproj", "{0EB2A2D6-2529-4B4F-AD91-FF5BB4EE96AD}"
EndProject
Global
	GlobalSection(SolutionConfigurationPlatforms) = preSolution
		Debug|Any CPU = Debug|Any CPU
		Release|Any CPU = Release|Any CPU
	EndGlobalSection
	GlobalSection(ProjectConfigurationPlatforms) = postSolution
		{53EB48D4-3A50-4E0E-A47D-FB49B0603690}.Debug|Any CPU.ActiveCfg = Debug|Any CPU
		{53EB48D4-3A50-4E0E-A47D-FB49B0603690}.Debug|Any CPU.Build.0 = Debug|Any CPU
		{53EB48D4-3A50-4E0E-A47D-FB49B0603690}.Release|Any CPU.ActiveCfg = Release|Any CPU
		{53EB48D4-3A50-4E0E-A47D-FB49B0603690}.Release|Any CPU.Build.0 = Release|Any CPU
		{0EB2A2D6-2529-4B4F-AD91-FF5BB4EE96AD}.Debug|Any CPU.ActiveCfg = Debug|Any CPU
		{0EB2A2D6-2529-4B4F-AD91-FF5BB4EE96AD}.Debug|Any CPU.Build.0 = Debug|Any CPU
		{0EB2A2D6-2529-4B4F-AD91-FF5BB4EE96AD}.Release|Any CPU.ActiveCfg = Release|Any CPU
		{0EB2A2D6-2529-4B4F-AD91-FF5BB4EE96AD}.Release|Any CPU.Build.0 = Release|Any CPU
	EndGlobalSection
	GlobalSection(SolutionProperties) = preSolution
		HideSolutionNode = FALSE
	EndGlobalSection
	GlobalSection(ExtensibilityGlobals) = postSolution
		SolutionGuid = {E31907F6-7698-465A-8984-1D168381B0AF}
	EndGlobalSection
EndGlobal
